
Microsoft Visual Studio Solution File, Format Version 12.00
# Visual Studio Version 16
VisualStudioVersion = 16.0.30503.244
MinimumVisualStudioVersion = 10.0.40219.1
Project("{FAE04EC0-301F-11D3-BF4B-00C04F79EFBC}") = "Questionary", "Meshkov.CS-1\Questionary.csproj", "{9F7CB5DD-D81A-4887-8FA5-2A05FE279816}"
EndProject
Project("{FAE04EC0-301F-11D3-BF4B-00C04F79EFBC}") = "BodyMassIndex_BMI", "BodyMassIndex_BMI\BodyMassIndex_BMI.csproj", "{8122AAD7-66E5-4A42-937A-EB7CF40AC1FC}"
EndProject
Project("{FAE04EC0-301F-11D3-BF4B-00C04F79EFBC}") = "DistanceBetween2Points", "DistanceBetween2Points\DistanceBetween2Points.csproj", "{98FA0D17-CE35-4F9F-999F-8353E16F6523}"
EndProject
Project("{FAE04EC0-301F-11D3-BF4B-00C04F79EFBC}") = "SwapInts", "SwapInts\SwapInts.csproj", "{2527C7F5-0F71-4999-925F-4334C4E7820E}"
EndProject
Project("{FAE04EC0-301F-11D3-BF4B-00C04F79EFBC}") = "CenterText", "CenterText\CenterText.csproj", "{C0A09082-5F1A-481E-A5B5-6D4E2EB8087A}"
EndProject
Project("{2150E333-8FDC-42A3-9474-1A3956D46DE8}") = "Lesson-1-HomeWork", "Lesson-1-HomeWork", "{12EA325C-41E3-4BE0-B90B-B92656470FB0}"
EndProject
Project("{2150E333-8FDC-42A3-9474-1A3956D46DE8}") = "Lesson-2 HomeWork", "Lesson-2 HomeWork", "{1AC64065-0C81-461B-BABD-61556A41ECC2}"
EndProject
Project("{FAE04EC0-301F-11D3-BF4B-00C04F79EFBC}") = "MinNumber", "MinNumber\MinNumber.csproj", "{FCBF4B50-18A6-4132-A40A-9F73D4240FFE}"
EndProject
Project("{FAE04EC0-301F-11D3-BF4B-00C04F79EFBC}") = "DigitCounter", "DigitCounter\DigitCounter.csproj", "{B406B1E1-0D60-4F7D-A9A6-6CB0F54CE1E3}"
EndProject
Project("{FAE04EC0-301F-11D3-BF4B-00C04F79EFBC}") = "SumOfOddPositiveNumbers", "SumOfOddPositiveNumbers\SumOfOddPositiveNumbers.csproj", "{F9842E5F-6680-4DB6-B69D-9D12E7FBCA16}"
EndProject
Project("{FAE04EC0-301F-11D3-BF4B-00C04F79EFBC}") = "AccessAuthorization", "AccessAuthorization\AccessAuthorization.csproj", "{43C6BC27-8D2F-444F-B477-C8FA7F80D01D}"
EndProject
Project("{FAE04EC0-301F-11D3-BF4B-00C04F79EFBC}") = "BodyMassIndex_Advanced", "BodyMassIndex_Advanced\BodyMassIndex_Advanced.csproj", "{51636C46-7362-4BAF-A9C8-6134DC631951}"
EndProject
Project("{FAE04EC0-301F-11D3-BF4B-00C04F79EFBC}") = "GoodNumbers", "GoodNumbers\GoodNumbers.csproj", "{3C37471D-4814-42A6-BEED-EF2FF27A1500}"
EndProject
Project("{FAE04EC0-301F-11D3-BF4B-00C04F79EFBC}") = "Recursion", "Recursion\Recursion.csproj", "{A82A8CE2-4D35-4940-AB1F-B4EEEE10213B}"
EndProject
Project("{2150E333-8FDC-42A3-9474-1A3956D46DE8}") = "Lesson-3 HomeWork", "Lesson-3 HomeWork", "{572B7453-8FEC-4959-97A2-7BF51EFE7B9F}"
EndProject
Project("{FAE04EC0-301F-11D3-BF4B-00C04F79EFBC}") = "Fractions", "Fractions\Fractions.csproj", "{A1D310A0-AC74-4AC1-923A-A1071B879B04}"
EndProject
Project("{FAE04EC0-301F-11D3-BF4B-00C04F79EFBC}") = "SumOfPositiveUnevenNumbers", "SumOfPositiveUnevenNumbers\SumOfPositiveUnevenNumbers.csproj", "{32FDDF91-47E7-4F37-9707-82223D7AF086}"
EndProject
Project("{2150E333-8FDC-42A3-9474-1A3956D46DE8}") = "Lesson-4 HomeWork", "Lesson-4 HomeWork", "{2B384D5B-28E2-4ECC-9448-AE08C25E71A6}"
EndProject
Project("{FAE04EC0-301F-11D3-BF4B-00C04F79EFBC}") = "PairingOfNumbers", "PairingOfNumbers\PairingOfNumbers.csproj", "{CD9A66A8-AAFF-4CB8-BD2D-DE8C418142EF}"
EndProject
Project("{FAE04EC0-301F-11D3-BF4B-00C04F79EFBC}") = "MyArrayClass", "MyArrayClass\MyArrayClass.csproj", "{12B91246-E880-46F9-9A93-095FEC0B3220}"
EndProject
Project("{FAE04EC0-301F-11D3-BF4B-00C04F79EFBC}") = "AccountAuthorization_FromFile", "AccountAuthorization_FromFile\AccountAuthorization_FromFile.csproj", "{91301470-F8A6-43E8-9581-ED7F198A074E}"
EndProject
Project("{2150E333-8FDC-42A3-9474-1A3956D46DE8}") = "Lesson-5 HomeWork", "Lesson-5 HomeWork", "{BEF2A7F8-F779-4AFB-9488-DFE1FDA22E93}"
EndProject
Project("{FAE04EC0-301F-11D3-BF4B-00C04F79EFBC}") = "MessageClass", "MessageClass\MessageClass.csproj", "{BD4E1660-1520-458B-A009-CE1BE6EC6239}"
EndProject
Project("{FAE04EC0-301F-11D3-BF4B-00C04F79EFBC}") = "LoginChecker", "LoginChecker\LoginChecker.csproj", "{2E0E4D12-89D7-4EB6-AFC8-0AFFAF043880}"
EndProject
Project("{FAE04EC0-301F-11D3-BF4B-00C04F79EFBC}") = "Rearrangement", "Rearrangement\Rearrangement.csproj", "{3DA28AE6-5443-4860-A1ED-812593403BA7}"
EndProject
Project("{FAE04EC0-301F-11D3-BF4B-00C04F79EFBC}") = "ExamTask", "ExamTask\ExamTask.csproj", "{14C48699-9A69-478C-9577-2F063B06C14D}"
EndProject
Global
	GlobalSection(SolutionConfigurationPlatforms) = preSolution
		Debug|Any CPU = Debug|Any CPU
		Release|Any CPU = Release|Any CPU
	EndGlobalSection
	GlobalSection(ProjectConfigurationPlatforms) = postSolution
		{9F7CB5DD-D81A-4887-8FA5-2A05FE279816}.Debug|Any CPU.ActiveCfg = Debug|Any CPU
		{9F7CB5DD-D81A-4887-8FA5-2A05FE279816}.Debug|Any CPU.Build.0 = Debug|Any CPU
		{9F7CB5DD-D81A-4887-8FA5-2A05FE279816}.Release|Any CPU.ActiveCfg = Release|Any CPU
		{9F7CB5DD-D81A-4887-8FA5-2A05FE279816}.Release|Any CPU.Build.0 = Release|Any CPU
		{8122AAD7-66E5-4A42-937A-EB7CF40AC1FC}.Debug|Any CPU.ActiveCfg = Debug|Any CPU
		{8122AAD7-66E5-4A42-937A-EB7CF40AC1FC}.Debug|Any CPU.Build.0 = Debug|Any CPU
		{8122AAD7-66E5-4A42-937A-EB7CF40AC1FC}.Release|Any CPU.ActiveCfg = Release|Any CPU
		{8122AAD7-66E5-4A42-937A-EB7CF40AC1FC}.Release|Any CPU.Build.0 = Release|Any CPU
		{98FA0D17-CE35-4F9F-999F-8353E16F6523}.Debug|Any CPU.ActiveCfg = Debug|Any CPU
		{98FA0D17-CE35-4F9F-999F-8353E16F6523}.Debug|Any CPU.Build.0 = Debug|Any CPU
		{98FA0D17-CE35-4F9F-999F-8353E16F6523}.Release|Any CPU.ActiveCfg = Release|Any CPU
		{98FA0D17-CE35-4F9F-999F-8353E16F6523}.Release|Any CPU.Build.0 = Release|Any CPU
		{2527C7F5-0F71-4999-925F-4334C4E7820E}.Debug|Any CPU.ActiveCfg = Debug|Any CPU
		{2527C7F5-0F71-4999-925F-4334C4E7820E}.Debug|Any CPU.Build.0 = Debug|Any CPU
		{2527C7F5-0F71-4999-925F-4334C4E7820E}.Release|Any CPU.ActiveCfg = Release|Any CPU
		{2527C7F5-0F71-4999-925F-4334C4E7820E}.Release|Any CPU.Build.0 = Release|Any CPU
		{C0A09082-5F1A-481E-A5B5-6D4E2EB8087A}.Debug|Any CPU.ActiveCfg = Debug|Any CPU
		{C0A09082-5F1A-481E-A5B5-6D4E2EB8087A}.Debug|Any CPU.Build.0 = Debug|Any CPU
		{C0A09082-5F1A-481E-A5B5-6D4E2EB8087A}.Release|Any CPU.ActiveCfg = Release|Any CPU
		{C0A09082-5F1A-481E-A5B5-6D4E2EB8087A}.Release|Any CPU.Build.0 = Release|Any CPU
		{FCBF4B50-18A6-4132-A40A-9F73D4240FFE}.Debug|Any CPU.ActiveCfg = Debug|Any CPU
		{FCBF4B50-18A6-4132-A40A-9F73D4240FFE}.Debug|Any CPU.Build.0 = Debug|Any CPU
		{FCBF4B50-18A6-4132-A40A-9F73D4240FFE}.Release|Any CPU.ActiveCfg = Release|Any CPU
		{FCBF4B50-18A6-4132-A40A-9F73D4240FFE}.Release|Any CPU.Build.0 = Release|Any CPU
		{B406B1E1-0D60-4F7D-A9A6-6CB0F54CE1E3}.Debug|Any CPU.ActiveCfg = Debug|Any CPU
		{B406B1E1-0D60-4F7D-A9A6-6CB0F54CE1E3}.Debug|Any CPU.Build.0 = Debug|Any CPU
		{B406B1E1-0D60-4F7D-A9A6-6CB0F54CE1E3}.Release|Any CPU.ActiveCfg = Release|Any CPU
		{B406B1E1-0D60-4F7D-A9A6-6CB0F54CE1E3}.Release|Any CPU.Build.0 = Release|Any CPU
		{F9842E5F-6680-4DB6-B69D-9D12E7FBCA16}.Debug|Any CPU.ActiveCfg = Debug|Any CPU
		{F9842E5F-6680-4DB6-B69D-9D12E7FBCA16}.Debug|Any CPU.Build.0 = Debug|Any CPU
		{F9842E5F-6680-4DB6-B69D-9D12E7FBCA16}.Release|Any CPU.ActiveCfg = Release|Any CPU
		{F9842E5F-6680-4DB6-B69D-9D12E7FBCA16}.Release|Any CPU.Build.0 = Release|Any CPU
		{43C6BC27-8D2F-444F-B477-C8FA7F80D01D}.Debug|Any CPU.ActiveCfg = Debug|Any CPU
		{43C6BC27-8D2F-444F-B477-C8FA7F80D01D}.Debug|Any CPU.Build.0 = Debug|Any CPU
		{43C6BC27-8D2F-444F-B477-C8FA7F80D01D}.Release|Any CPU.ActiveCfg = Release|Any CPU
		{43C6BC27-8D2F-444F-B477-C8FA7F80D01D}.Release|Any CPU.Build.0 = Release|Any CPU
		{51636C46-7362-4BAF-A9C8-6134DC631951}.Debug|Any CPU.ActiveCfg = Debug|Any CPU
		{51636C46-7362-4BAF-A9C8-6134DC631951}.Debug|Any CPU.Build.0 = Debug|Any CPU
		{51636C46-7362-4BAF-A9C8-6134DC631951}.Release|Any CPU.ActiveCfg = Release|Any CPU
		{51636C46-7362-4BAF-A9C8-6134DC631951}.Release|Any CPU.Build.0 = Release|Any CPU
		{3C37471D-4814-42A6-BEED-EF2FF27A1500}.Debug|Any CPU.ActiveCfg = Debug|Any CPU
		{3C37471D-4814-42A6-BEED-EF2FF27A1500}.Debug|Any CPU.Build.0 = Debug|Any CPU
		{3C37471D-4814-42A6-BEED-EF2FF27A1500}.Release|Any CPU.ActiveCfg = Release|Any CPU
		{3C37471D-4814-42A6-BEED-EF2FF27A1500}.Release|Any CPU.Build.0 = Release|Any CPU
		{A82A8CE2-4D35-4940-AB1F-B4EEEE10213B}.Debug|Any CPU.ActiveCfg = Debug|Any CPU
		{A82A8CE2-4D35-4940-AB1F-B4EEEE10213B}.Debug|Any CPU.Build.0 = Debug|Any CPU
		{A82A8CE2-4D35-4940-AB1F-B4EEEE10213B}.Release|Any CPU.ActiveCfg = Release|Any CPU
		{A82A8CE2-4D35-4940-AB1F-B4EEEE10213B}.Release|Any CPU.Build.0 = Release|Any CPU
		{A1D310A0-AC74-4AC1-923A-A1071B879B04}.Debug|Any CPU.ActiveCfg = Debug|Any CPU
		{A1D310A0-AC74-4AC1-923A-A1071B879B04}.Debug|Any CPU.Build.0 = Debug|Any CPU
		{A1D310A0-AC74-4AC1-923A-A1071B879B04}.Release|Any CPU.ActiveCfg = Release|Any CPU
		{A1D310A0-AC74-4AC1-923A-A1071B879B04}.Release|Any CPU.Build.0 = Release|Any CPU
		{32FDDF91-47E7-4F37-9707-82223D7AF086}.Debug|Any CPU.ActiveCfg = Debug|Any CPU
		{32FDDF91-47E7-4F37-9707-82223D7AF086}.Debug|Any CPU.Build.0 = Debug|Any CPU
		{32FDDF91-47E7-4F37-9707-82223D7AF086}.Release|Any CPU.ActiveCfg = Release|Any CPU
		{32FDDF91-47E7-4F37-9707-82223D7AF086}.Release|Any CPU.Build.0 = Release|Any CPU
		{CD9A66A8-AAFF-4CB8-BD2D-DE8C418142EF}.Debug|Any CPU.ActiveCfg = Debug|Any CPU
		{CD9A66A8-AAFF-4CB8-BD2D-DE8C418142EF}.Debug|Any CPU.Build.0 = Debug|Any CPU
		{CD9A66A8-AAFF-4CB8-BD2D-DE8C418142EF}.Release|Any CPU.ActiveCfg = Release|Any CPU
		{CD9A66A8-AAFF-4CB8-BD2D-DE8C418142EF}.Release|Any CPU.Build.0 = Release|Any CPU
		{12B91246-E880-46F9-9A93-095FEC0B3220}.Debug|Any CPU.ActiveCfg = Debug|Any CPU
		{12B91246-E880-46F9-9A93-095FEC0B3220}.Debug|Any CPU.Build.0 = Debug|Any CPU
		{12B91246-E880-46F9-9A93-095FEC0B3220}.Release|Any CPU.ActiveCfg = Release|Any CPU
		{12B91246-E880-46F9-9A93-095FEC0B3220}.Release|Any CPU.Build.0 = Release|Any CPU
		{91301470-F8A6-43E8-9581-ED7F198A074E}.Debug|Any CPU.ActiveCfg = Debug|Any CPU
		{91301470-F8A6-43E8-9581-ED7F198A074E}.Debug|Any CPU.Build.0 = Debug|Any CPU
		{91301470-F8A6-43E8-9581-ED7F198A074E}.Release|Any CPU.ActiveCfg = Release|Any CPU
		{91301470-F8A6-43E8-9581-ED7F198A074E}.Release|Any CPU.Build.0 = Release|Any CPU
		{BD4E1660-1520-458B-A009-CE1BE6EC6239}.Debug|Any CPU.ActiveCfg = Debug|Any CPU
		{BD4E1660-1520-458B-A009-CE1BE6EC6239}.Debug|Any CPU.Build.0 = Debug|Any CPU
		{BD4E1660-1520-458B-A009-CE1BE6EC6239}.Release|Any CPU.ActiveCfg = Release|Any CPU
		{BD4E1660-1520-458B-A009-CE1BE6EC6239}.Release|Any CPU.Build.0 = Release|Any CPU
		{2E0E4D12-89D7-4EB6-AFC8-0AFFAF043880}.Debug|Any CPU.ActiveCfg = Debug|Any CPU
		{2E0E4D12-89D7-4EB6-AFC8-0AFFAF043880}.Debug|Any CPU.Build.0 = Debug|Any CPU
		{2E0E4D12-89D7-4EB6-AFC8-0AFFAF043880}.Release|Any CPU.ActiveCfg = Release|Any CPU
		{2E0E4D12-89D7-4EB6-AFC8-0AFFAF043880}.Release|Any CPU.Build.0 = Release|Any CPU
		{3DA28AE6-5443-4860-A1ED-812593403BA7}.Debug|Any CPU.ActiveCfg = Debug|Any CPU
		{3DA28AE6-5443-4860-A1ED-812593403BA7}.Debug|Any CPU.Build.0 = Debug|Any CPU
		{3DA28AE6-5443-4860-A1ED-812593403BA7}.Release|Any CPU.ActiveCfg = Release|Any CPU
		{3DA28AE6-5443-4860-A1ED-812593403BA7}.Release|Any CPU.Build.0 = Release|Any CPU
		{14C48699-9A69-478C-9577-2F063B06C14D}.Debug|Any CPU.ActiveCfg = Debug|Any CPU
		{14C48699-9A69-478C-9577-2F063B06C14D}.Debug|Any CPU.Build.0 = Debug|Any CPU
		{14C48699-9A69-478C-9577-2F063B06C14D}.Release|Any CPU.ActiveCfg = Release|Any CPU
		{14C48699-9A69-478C-9577-2F063B06C14D}.Release|Any CPU.Build.0 = Release|Any CPU
	EndGlobalSection
	GlobalSection(SolutionProperties) = preSolution
		HideSolutionNode = FALSE
	EndGlobalSection
	GlobalSection(NestedProjects) = preSolution
		{9F7CB5DD-D81A-4887-8FA5-2A05FE279816} = {12EA325C-41E3-4BE0-B90B-B92656470FB0}
		{8122AAD7-66E5-4A42-937A-EB7CF40AC1FC} = {12EA325C-41E3-4BE0-B90B-B92656470FB0}
		{98FA0D17-CE35-4F9F-999F-8353E16F6523} = {12EA325C-41E3-4BE0-B90B-B92656470FB0}
		{2527C7F5-0F71-4999-925F-4334C4E7820E} = {12EA325C-41E3-4BE0-B90B-B92656470FB0}
		{C0A09082-5F1A-481E-A5B5-6D4E2EB8087A} = {12EA325C-41E3-4BE0-B90B-B92656470FB0}
		{FCBF4B50-18A6-4132-A40A-9F73D4240FFE} = {1AC64065-0C81-461B-BABD-61556A41ECC2}
		{B406B1E1-0D60-4F7D-A9A6-6CB0F54CE1E3} = {1AC64065-0C81-461B-BABD-61556A41ECC2}
		{F9842E5F-6680-4DB6-B69D-9D12E7FBCA16} = {1AC64065-0C81-461B-BABD-61556A41ECC2}
		{43C6BC27-8D2F-444F-B477-C8FA7F80D01D} = {1AC64065-0C81-461B-BABD-61556A41ECC2}
		{51636C46-7362-4BAF-A9C8-6134DC631951} = {1AC64065-0C81-461B-BABD-61556A41ECC2}
		{3C37471D-4814-42A6-BEED-EF2FF27A1500} = {1AC64065-0C81-461B-BABD-61556A41ECC2}
		{A82A8CE2-4D35-4940-AB1F-B4EEEE10213B} = {1AC64065-0C81-461B-BABD-61556A41ECC2}
		{A1D310A0-AC74-4AC1-923A-A1071B879B04} = {572B7453-8FEC-4959-97A2-7BF51EFE7B9F}
		{32FDDF91-47E7-4F37-9707-82223D7AF086} = {572B7453-8FEC-4959-97A2-7BF51EFE7B9F}
		{CD9A66A8-AAFF-4CB8-BD2D-DE8C418142EF} = {2B384D5B-28E2-4ECC-9448-AE08C25E71A6}
		{12B91246-E880-46F9-9A93-095FEC0B3220} = {2B384D5B-28E2-4ECC-9448-AE08C25E71A6}
		{91301470-F8A6-43E8-9581-ED7F198A074E} = {2B384D5B-28E2-4ECC-9448-AE08C25E71A6}
		{BD4E1660-1520-458B-A009-CE1BE6EC6239} = {BEF2A7F8-F779-4AFB-9488-DFE1FDA22E93}
		{2E0E4D12-89D7-4EB6-AFC8-0AFFAF043880} = {BEF2A7F8-F779-4AFB-9488-DFE1FDA22E93}
		{3DA28AE6-5443-4860-A1ED-812593403BA7} = {BEF2A7F8-F779-4AFB-9488-DFE1FDA22E93}
		{14C48699-9A69-478C-9577-2F063B06C14D} = {BEF2A7F8-F779-4AFB-9488-DFE1FDA22E93}
	EndGlobalSection
	GlobalSection(ExtensibilityGlobals) = postSolution
		SolutionGuid = {55358A68-3DAB-494A-AD46-CF5CF98E0913}
	EndGlobalSection
EndGlobal
